
Microsoft Visual Studio Solution File, Format Version 12.00
# Visual Studio Version 17
VisualStudioVersion = 17.10.34916.146
MinimumVisualStudioVersion = 10.0.40219.1
Project("{FAE04EC0-301F-11D3-BF4B-00C04F79EFBC}") = "HW_SP_9.2", "HW_SP_9.2.csproj", "{8C733ABB-EAD0-4321-ADAA-F760E5713715}"
EndProject
Global
	GlobalSection(SolutionConfigurationPlatforms) = preSolution
		Debug|Any CPU = Debug|Any CPU
		Release|Any CPU = Release|Any CPU
	EndGlobalSection
	GlobalSection(ProjectConfigurationPlatforms) = postSolution
		{8C733ABB-EAD0-4321-ADAA-F760E5713715}.Debug|Any CPU.ActiveCfg = Debug|Any CPU
		{8C733ABB-EAD0-4321-ADAA-F760E5713715}.Debug|Any CPU.Build.0 = Debug|Any CPU
		{8C733ABB-EAD0-4321-ADAA-F760E5713715}.Release|Any CPU.ActiveCfg = Release|Any CPU
		{8C733ABB-EAD0-4321-ADAA-F760E5713715}.Release|Any CPU.Build.0 = Release|Any CPU
	EndGlobalSection
	GlobalSection(SolutionProperties) = preSolution
		HideSolutionNode = FALSE
	EndGlobalSection
	GlobalSection(ExtensibilityGlobals) = postSolution
		SolutionGuid = {18D5BC84-0807-4849-B35A-495F2CDC7755}
	EndGlobalSection
EndGlobal
